{
  "version": 4,
  "terraform_version": "1.6.4",
  "serial": 17,
  "lineage": "1b0860a5-4144-df2f-c144-b7bc197fae53",
  "outputs": {},
  "resources": [
    {
      "mode": "data",
      "type": "google_firebase_web_app_config",
      "name": "example",
      "provider": "provider[\"registry.terraform.io/hashicorp/google-beta\"]",
      "instances": [
        {
          "schema_version": 0,
          "attributes": {
            "api_key": "AIzaSyAUvbFCnM0FTXh64qXqcu5yiBORSefqxoI",
            "auth_domain": "sample-firebase-ai-app-524cc.firebaseapp.com",
            "database_url": "",
            "id": "1:409827555825:web:438db648bcffc11a71ac50",
            "location_id": "",
            "measurement_id": "",
            "messaging_sender_id": "409827555825",
            "project": "sample-firebase-ai-app-524cc",
            "storage_bucket": "sample-firebase-ai-app-524cc.firebasestorage.app",
            "web_app_id": "1:409827555825:web:438db648bcffc11a71ac50"
          },
          "sensitive_attributes": []
        }
      ]
    },
    {
      "mode": "data",
      "type": "google_project",
      "name": "project",
      "provider": "provider[\"registry.terraform.io/hashicorp/google-beta\"]",
      "instances": [
        {
          "schema_version": 0,
          "attributes": {
            "auto_create_network": null,
            "billing_account": null,
            "deletion_policy": "DELETE",
            "effective_labels": {
              "firebase": "enabled",
              "firebase-core": "disabled"
            },
            "folder_id": null,
            "id": "projects/sample-firebase-ai-app-524cc",
            "labels": {
              "firebase": "enabled",
              "firebase-core": "disabled"
            },
            "name": "Sample Firebase AI App",
            "number": "409827555825",
            "org_id": null,
            "project_id": "sample-firebase-ai-app-524cc",
            "skip_delete": null,
            "terraform_labels": {
              "firebase": "enabled",
              "firebase-core": "disabled"
            }
          },
          "sensitive_attributes": []
        }
      ]
    },
    {
      "mode": "managed",
      "type": "google_apikeys_key",
      "name": "generativelanguage",
      "provider": "provider[\"registry.terraform.io/hashicorp/google-beta\"]",
      "instances": [
        {
          "schema_version": 0,
          "attributes": {
            "display_name": "Gemini API Key",
            "id": "projects/sample-firebase-ai-app-524cc/locations/global/keys/gemini-api-key",
            "key_string": "AIzaSyAB5CqIuC6Ir9LbnIrww7QQCG_qwqnHISQ",
            "name": "gemini-api-key",
            "project": "sample-firebase-ai-app-524cc",
            "restrictions": [
              {
                "android_key_restrictions": [],
                "api_targets": [
                  {
                    "methods": [],
                    "service": "generativelanguage.googleapis.com"
                  }
                ],
                "browser_key_restrictions": [
                  {
                    "allowed_referrers": [
                      "*"
                    ]
                  }
                ],
                "ios_key_restrictions": [],
                "server_key_restrictions": []
              }
            ],
            "timeouts": null,
            "uid": "38d794c6-7865-4d09-97f0-5b03e2774241"
          },
          "sensitive_attributes": [],
          "private": "eyJlMmJmYjczMC1lY2FhLTExZTYtOGY4OC0zNDM2M2JjN2M0YzAiOnsiY3JlYXRlIjoxMjAwMDAwMDAwMDAwLCJkZWxldGUiOjEyMDAwMDAwMDAwMDAsInVwZGF0ZSI6MTIwMDAwMDAwMDAwMH19",
          "dependencies": [
            "google_project_service.services"
          ]
        }
      ]
    },
    {
      "mode": "managed",
      "type": "google_firebase_web_app",
      "name": "example",
      "provider": "provider[\"registry.terraform.io/hashicorp/google-beta\"]",
      "instances": [
        {
          "schema_version": 0,
          "attributes": {
            "api_key_id": "a626fdd5-9f6d-4814-b24f-8d5e9c0d3a3a",
            "app_id": "1:409827555825:web:438db648bcffc11a71ac50",
            "app_urls": [],
            "deletion_policy": "DELETE",
            "display_name": "Make It So AI!",
            "id": "projects/sample-firebase-ai-app-524cc/webApps/1:409827555825:web:438db648bcffc11a71ac50",
            "name": "projects/sample-firebase-ai-app-524cc/webApps/1:409827555825:web:438db648bcffc11a71ac50",
            "project": "sample-firebase-ai-app-524cc",
            "timeouts": null
          },
          "sensitive_attributes": [],
          "private": "eyJlMmJmYjczMC1lY2FhLTExZTYtOGY4OC0zNDM2M2JjN2M0YzAiOnsiY3JlYXRlIjoxMjAwMDAwMDAwMDAwLCJkZWxldGUiOjEyMDAwMDAwMDAwMDAsInVwZGF0ZSI6MTIwMDAwMDAwMDAwMH19"
        }
      ]
    },
    {
      "mode": "managed",
      "type": "google_firebaserules_release",
      "name": "firestore",
      "provider": "provider[\"registry.terraform.io/hashicorp/google-beta\"]",
      "instances": [
        {
          "schema_version": 0,
          "attributes": {
            "create_time": "2025-01-17T11:27:39.316778Z",
            "disabled": false,
            "id": "projects/sample-firebase-ai-app-524cc/releases/cloud.firestore",
            "name": "cloud.firestore",
            "project": "sample-firebase-ai-app-524cc",
            "ruleset_name": "95a0882d-5147-446d-be53-7110ff86a4e3",
            "timeouts": null,
            "update_time": "2025-01-17T11:27:39.316778Z"
          },
          "sensitive_attributes": [],
          "private": "eyJlMmJmYjczMC1lY2FhLTExZTYtOGY4OC0zNDM2M2JjN2M0YzAiOnsiY3JlYXRlIjoxMjAwMDAwMDAwMDAwLCJkZWxldGUiOjEyMDAwMDAwMDAwMDB9fQ==",
          "dependencies": [
            "google_firebaserules_ruleset.firestore",
            "google_firestore_database.database",
            "google_project_service.services",
            "local_file.firestore_rules"
          ]
        }
      ]
    },
    {
      "mode": "managed",
      "type": "google_firebaserules_ruleset",
      "name": "firestore",
      "provider": "provider[\"registry.terraform.io/hashicorp/google-beta\"]",
      "instances": [
        {
          "schema_version": 0,
          "attributes": {
            "create_time": "2025-01-17T11:27:36.709684Z",
            "id": "projects/sample-firebase-ai-app-524cc/rulesets/95a0882d-5147-446d-be53-7110ff86a4e3",
            "metadata": [
              {
                "services": [
                  "cloud.firestore"
                ]
              }
            ],
            "name": "95a0882d-5147-446d-be53-7110ff86a4e3",
            "project": "sample-firebase-ai-app-524cc",
            "source": [
              {
                "files": [
                  {
                    "content": "service cloud.firestore {\n  match /databases/{database}/documents/{document=**} {\n    allow read, write: if request.auth != null \u0026\u0026 request.time \u003c timestamp.date(2025, 2, 16);\n  }\n}\n",
                    "fingerprint": "",
                    "name": "firestore.rules"
                  }
                ],
                "language": ""
              }
            ],
            "timeouts": null
          },
          "sensitive_attributes": [],
          "private": "eyJlMmJmYjczMC1lY2FhLTExZTYtOGY4OC0zNDM2M2JjN2M0YzAiOnsiY3JlYXRlIjoxMjAwMDAwMDAwMDAwLCJkZWxldGUiOjEyMDAwMDAwMDAwMDB9fQ==",
          "dependencies": [
            "google_firestore_database.database",
            "google_project_service.services",
            "local_file.firestore_rules"
          ]
        }
      ]
    },
    {
      "mode": "managed",
      "type": "google_firestore_database",
      "name": "database",
      "provider": "provider[\"registry.terraform.io/hashicorp/google-beta\"]",
      "instances": [
        {
          "schema_version": 0,
          "attributes": {
            "app_engine_integration_mode": "DISABLED",
            "cmek_config": [],
            "concurrency_mode": "PESSIMISTIC",
            "create_time": "",
            "delete_protection_state": "DELETE_PROTECTION_DISABLED",
            "deletion_policy": "ABANDON",
            "earliest_version_time": "2025-01-17T11:27:34.978849Z",
            "etag": "ILGT96fT/IoDMMnkxJfT/IoD",
            "id": "projects/sample-firebase-ai-app-524cc/databases/(default)",
            "key_prefix": "",
            "location_id": "nam5",
            "name": "(default)",
            "point_in_time_recovery_enablement": "POINT_IN_TIME_RECOVERY_DISABLED",
            "project": "sample-firebase-ai-app-524cc",
            "timeouts": null,
            "type": "FIRESTORE_NATIVE",
            "uid": "2cafef7e-83fc-481e-ad38-38135ba1d576",
            "update_time": "",
            "version_retention_period": "3600s"
          },
          "sensitive_attributes": [],
          "private": "eyJlMmJmYjczMC1lY2FhLTExZTYtOGY4OC0zNDM2M2JjN2M0YzAiOnsiY3JlYXRlIjoxMjAwMDAwMDAwMDAwLCJkZWxldGUiOjEyMDAwMDAwMDAwMDAsInVwZGF0ZSI6MTIwMDAwMDAwMDAwMH19",
          "dependencies": [
            "google_project_service.services"
          ]
        }
      ]
    },
    {
      "mode": "managed",
      "type": "google_project_service",
      "name": "services",
      "provider": "provider[\"registry.terraform.io/hashicorp/google-beta\"]",
      "instances": [
        {
          "index_key": "apikeys.googleapis.com",
          "schema_version": 0,
          "attributes": {
            "check_if_service_has_usage_on_destroy": false,
            "disable_dependent_services": null,
            "disable_on_destroy": false,
            "id": "sample-firebase-ai-app-524cc/apikeys.googleapis.com",
            "project": "sample-firebase-ai-app-524cc",
            "service": "apikeys.googleapis.com",
            "timeouts": null
          },
          "sensitive_attributes": [],
          "private": "eyJlMmJmYjczMC1lY2FhLTExZTYtOGY4OC0zNDM2M2JjN2M0YzAiOnsiY3JlYXRlIjoxMjAwMDAwMDAwMDAwLCJkZWxldGUiOjEyMDAwMDAwMDAwMDAsInJlYWQiOjYwMDAwMDAwMDAwMCwidXBkYXRlIjoxMjAwMDAwMDAwMDAwfX0="
        },
        {
          "index_key": "firebaserules.googleapis.com",
          "schema_version": 0,
          "attributes": {
            "check_if_service_has_usage_on_destroy": false,
            "disable_dependent_services": null,
            "disable_on_destroy": false,
            "id": "sample-firebase-ai-app-524cc/firebaserules.googleapis.com",
            "project": "sample-firebase-ai-app-524cc",
            "service": "firebaserules.googleapis.com",
            "timeouts": null
          },
          "sensitive_attributes": [],
          "private": "eyJlMmJmYjczMC1lY2FhLTExZTYtOGY4OC0zNDM2M2JjN2M0YzAiOnsiY3JlYXRlIjoxMjAwMDAwMDAwMDAwLCJkZWxldGUiOjEyMDAwMDAwMDAwMDAsInJlYWQiOjYwMDAwMDAwMDAwMCwidXBkYXRlIjoxMjAwMDAwMDAwMDAwfX0="
        },
        {
          "index_key": "firestore.googleapis.com",
          "schema_version": 0,
          "attributes": {
            "check_if_service_has_usage_on_destroy": false,
            "disable_dependent_services": null,
            "disable_on_destroy": false,
            "id": "sample-firebase-ai-app-524cc/firestore.googleapis.com",
            "project": "sample-firebase-ai-app-524cc",
            "service": "firestore.googleapis.com",
            "timeouts": null
          },
          "sensitive_attributes": [],
          "private": "eyJlMmJmYjczMC1lY2FhLTExZTYtOGY4OC0zNDM2M2JjN2M0YzAiOnsiY3JlYXRlIjoxMjAwMDAwMDAwMDAwLCJkZWxldGUiOjEyMDAwMDAwMDAwMDAsInJlYWQiOjYwMDAwMDAwMDAwMCwidXBkYXRlIjoxMjAwMDAwMDAwMDAwfX0="
        },
        {
          "index_key": "generativelanguage.googleapis.com",
          "schema_version": 0,
          "attributes": {
            "check_if_service_has_usage_on_destroy": false,
            "disable_dependent_services": null,
            "disable_on_destroy": false,
            "id": "sample-firebase-ai-app-524cc/generativelanguage.googleapis.com",
            "project": "sample-firebase-ai-app-524cc",
            "service": "generativelanguage.googleapis.com",
            "timeouts": null
          },
          "sensitive_attributes": [],
          "private": "eyJlMmJmYjczMC1lY2FhLTExZTYtOGY4OC0zNDM2M2JjN2M0YzAiOnsiY3JlYXRlIjoxMjAwMDAwMDAwMDAwLCJkZWxldGUiOjEyMDAwMDAwMDAwMDAsInJlYWQiOjYwMDAwMDAwMDAwMCwidXBkYXRlIjoxMjAwMDAwMDAwMDAwfX0="
        },
        {
          "index_key": "serviceusage.googleapis.com",
          "schema_version": 0,
          "attributes": {
            "check_if_service_has_usage_on_destroy": false,
            "disable_dependent_services": null,
            "disable_on_destroy": false,
            "id": "sample-firebase-ai-app-524cc/serviceusage.googleapis.com",
            "project": "sample-firebase-ai-app-524cc",
            "service": "serviceusage.googleapis.com",
            "timeouts": null
          },
          "sensitive_attributes": [],
          "private": "eyJlMmJmYjczMC1lY2FhLTExZTYtOGY4OC0zNDM2M2JjN2M0YzAiOnsiY3JlYXRlIjoxMjAwMDAwMDAwMDAwLCJkZWxldGUiOjEyMDAwMDAwMDAwMDAsInJlYWQiOjYwMDAwMDAwMDAwMCwidXBkYXRlIjoxMjAwMDAwMDAwMDAwfX0="
        }
      ]
    },
    {
      "mode": "managed",
      "type": "google_service_usage_consumer_quota_override",
      "name": "generativelanguage",
      "provider": "provider[\"registry.terraform.io/hashicorp/google-beta\"]",
      "instances": [
        {
          "schema_version": 0,
          "attributes": {
            "dimensions": {},
            "force": true,
            "id": "projects/sample-firebase-ai-app-524cc/services/generativelanguage.googleapis.com/consumerQuotaMetrics/generativelanguage.googleapis.com%2Fgenerate_requests_per_model/limits/%2Fmin%2Fmodel%2Fproject/consumerOverrides/Cg1RdW90YU92ZXJyaWRl",
            "limit": "%2Fmin%2Fmodel%2Fproject",
            "metric": "generativelanguage.googleapis.com%2Fgenerate_requests_per_model",
            "name": "Cg1RdW90YU92ZXJyaWRl",
            "override_value": "10",
            "project": "sample-firebase-ai-app-524cc",
            "service": "generativelanguage.googleapis.com",
            "timeouts": null
          },
          "sensitive_attributes": [],
          "private": "eyJlMmJmYjczMC1lY2FhLTExZTYtOGY4OC0zNDM2M2JjN2M0YzAiOnsiY3JlYXRlIjoxMjAwMDAwMDAwMDAwLCJkZWxldGUiOjEyMDAwMDAwMDAwMDAsInVwZGF0ZSI6MTIwMDAwMDAwMDAwMH19",
          "dependencies": [
            "google_project_service.services"
          ]
        }
      ]
    },
    {
      "mode": "managed",
      "type": "local_file",
      "name": "environment_ts",
      "provider": "provider[\"registry.terraform.io/hashicorp/local\"]",
      "instances": [
        {
          "schema_version": 0,
          "attributes": {
            "content": "export const environment = {\n  firebase: {\n      apiKey: 'AIzaSyAUvbFCnM0FTXh64qXqcu5yiBORSefqxoI',\n      authDomain: 'sample-firebase-ai-app-524cc.firebaseapp.com',\n      databaseURL: '',\n      projectId: 'sample-firebase-ai-app-524cc',\n      storageBucket: 'sample-firebase-ai-app-524cc.firebasestorage.app',\n      messagingSenderId: '409827555825',\n      appId: '1:409827555825:web:438db648bcffc11a71ac50',\n      measurementId: '',\n  },\n  gemini_api_key: 'AIzaSyAB5CqIuC6Ir9LbnIrww7QQCG_qwqnHISQ',\n  debug_token: ''\n};",
            "content_base64": null,
            "content_base64sha256": "2wtlatgvO7ds+PC0+O2pTryfexw9CwFs7gFqBqUYK80=",
            "content_base64sha512": "uCUydR0mqCPUkaEq1jZ7mdRJlsxRtvXdfavm2kHF11iqKXn6XQ+e3BZnCV9C96kH9z7KOsDQqASm1mxpAJy6Fw==",
            "content_md5": "68deab262bf10fd197f9964bd99923ec",
            "content_sha1": "06aec27510ac6b24c54da9f93a561c31c0892d4f",
            "content_sha256": "db0b656ad82f3bb76cf8f0b4f8eda94ebc9f7b1c3d0b016cee016a06a5182bcd",
            "content_sha512": "b82532751d26a823d491a12ad6367b99d44996cc51b6f5dd7dabe6da41c5d758aa2979fa5d0f9edc1667095f42f7a907f73eca3ac0d0a804a6d66c69009cba17",
            "directory_permission": "0777",
            "file_permission": "0777",
            "filename": "./src/environments/environments.ts",
            "id": "06aec27510ac6b24c54da9f93a561c31c0892d4f",
            "sensitive_content": null,
            "source": null
          },
          "sensitive_attributes": [
            [
              {
                "type": "get_attr",
                "value": "content"
              }
            ]
          ],
          "dependencies": [
            "data.google_firebase_web_app_config.example",
            "data.google_project.project",
            "google_apikeys_key.generativelanguage",
            "google_firebase_web_app.example",
            "google_project_service.services"
          ]
        }
      ]
    },
    {
      "mode": "managed",
      "type": "local_file",
      "name": "firebaserc",
      "provider": "provider[\"registry.terraform.io/hashicorp/local\"]",
      "instances": [
        {
          "schema_version": 0,
          "attributes": {
            "content": "{\"projects\":{\"default\":\"sample-firebase-ai-app-524cc\"}}",
            "content_base64": null,
            "content_base64sha256": "aU/e9mRi/Xc8V25B6rK1+P89ty0jsG7gnko52MqGyrM=",
            "content_base64sha512": "cCtpUWUlujWUa0r5nOh3N/Gp2BIU+llzhwpJ9BwUgSiiSsUtg+3dgz1MCjZWVOf2SVqaU69KET/q+jXH1LaE0w==",
            "content_md5": "d70487dabf6adeeead9022f71ff6ecde",
            "content_sha1": "675bfe0a952ab46ed33dd193d4f8e36025925c33",
            "content_sha256": "694fdef66462fd773c576e41eab2b5f8ff3db72d23b06ee09e4a39d8ca86cab3",
            "content_sha512": "702b69516525ba35946b4af99ce87737f1a9d81214fa5973870a49f41c148128a24ac52d83eddd833d4c0a365654e7f6495a9a53af4a113feafa35c7d4b684d3",
            "directory_permission": "0777",
            "file_permission": "0777",
            "filename": "./.firebaserc",
            "id": "675bfe0a952ab46ed33dd193d4f8e36025925c33",
            "sensitive_content": null,
            "source": null
          },
          "sensitive_attributes": []
        }
      ]
    },
    {
      "mode": "managed",
      "type": "local_file",
      "name": "firestore_rules",
      "provider": "provider[\"registry.terraform.io/hashicorp/local\"]",
      "instances": [
        {
          "schema_version": 0,
          "attributes": {
            "content": "service cloud.firestore {\n  match /databases/{database}/documents/{document=**} {\n    allow read, write: if request.auth != null \u0026\u0026 request.time \u003c timestamp.date(2025, 2, 16);\n  }\n}\n",
            "content_base64": null,
            "content_base64sha256": "Sg+gXctPSfVcpl7k51SkbB5Cu3e4oWoZuIVN5NApnjM=",
            "content_base64sha512": "IGV59HVvFEO2HlqCuDYGxPw9jriRdFsOYKvIe1wLdKZX7mK+RIjZPr7NqOwMFQvBDvpefHaBp09qyzrdRsjzaQ==",
            "content_md5": "6b37017af2717d88481d7483b71338d5",
            "content_sha1": "4361d50c1987b1e1ffb5520f3b110f02c5862cdd",
            "content_sha256": "4a0fa05dcb4f49f55ca65ee4e754a46c1e42bb77b8a16a19b8854de4d0299e33",
            "content_sha512": "206579f4756f1443b61e5a82b83606c4fc3d8eb891745b0e60abc87b5c0b74a657ee62be4488d93ebecda8ec0c150bc10efa5e7c7681a74f6acb3add46c8f369",
            "directory_permission": "0777",
            "file_permission": "0777",
            "filename": "./firestore.rules",
            "id": "4361d50c1987b1e1ffb5520f3b110f02c5862cdd",
            "sensitive_content": null,
            "source": null
          },
          "sensitive_attributes": []
        }
      ]
    }
  ],
  "check_results": null
}
